
Microsoft Visual Studio Solution File, Format Version 12.00
# Visual Studio Version 16
VisualStudioVersion = 16.0.31205.134
MinimumVisualStudioVersion = 10.0.40219.1
Project("{FAE04EC0-301F-11D3-BF4B-00C04F79EFBC}") = "MOBIS.Android", "MOBIS\MOBIS.Android\MOBIS.Android.csproj", "{E367E6FA-FBF5-4374-8B19-3F59A57AA0EB}"
EndProject
Project("{FAE04EC0-301F-11D3-BF4B-00C04F79EFBC}") = "MOBIS.iOS", "MOBIS\MOBIS.iOS\MOBIS.iOS.csproj", "{1414062E-D9AA-44DF-BC43-8D904BA1B49F}"
EndProject
Project("{FAE04EC0-301F-11D3-BF4B-00C04F79EFBC}") = "MOBIS", "MOBIS\MOBIS\MOBIS.csproj", "{9E5EF667-0757-48F6-9895-24D9DADCA1BB}"
EndProject
Global
	GlobalSection(SolutionConfigurationPlatforms) = preSolution
		Debug|Any CPU = Debug|Any CPU
		Debug|iPhone = Debug|iPhone
		Debug|iPhoneSimulator = Debug|iPhoneSimulator
		Release|Any CPU = Release|Any CPU
		Release|iPhone = Release|iPhone
		Release|iPhoneSimulator = Release|iPhoneSimulator
	EndGlobalSection
	GlobalSection(ProjectConfigurationPlatforms) = postSolution
		{E367E6FA-FBF5-4374-8B19-3F59A57AA0EB}.Debug|Any CPU.ActiveCfg = Debug|Any CPU
		{E367E6FA-FBF5-4374-8B19-3F59A57AA0EB}.Debug|Any CPU.Build.0 = Debug|Any CPU
		{E367E6FA-FBF5-4374-8B19-3F59A57AA0EB}.Debug|Any CPU.Deploy.0 = Debug|Any CPU
		{E367E6FA-FBF5-4374-8B19-3F59A57AA0EB}.Debug|iPhone.ActiveCfg = Debug|Any CPU
		{E367E6FA-FBF5-4374-8B19-3F59A57AA0EB}.Debug|iPhone.Build.0 = Debug|Any CPU
		{E367E6FA-FBF5-4374-8B19-3F59A57AA0EB}.Debug|iPhone.Deploy.0 = Debug|Any CPU
		{E367E6FA-FBF5-4374-8B19-3F59A57AA0EB}.Debug|iPhoneSimulator.ActiveCfg = Debug|Any CPU
		{E367E6FA-FBF5-4374-8B19-3F59A57AA0EB}.Debug|iPhoneSimulator.Build.0 = Debug|Any CPU
		{E367E6FA-FBF5-4374-8B19-3F59A57AA0EB}.Debug|iPhoneSimulator.Deploy.0 = Debug|Any CPU
		{E367E6FA-FBF5-4374-8B19-3F59A57AA0EB}.Release|Any CPU.ActiveCfg = Release|Any CPU
		{E367E6FA-FBF5-4374-8B19-3F59A57AA0EB}.Release|Any CPU.Build.0 = Release|Any CPU
		{E367E6FA-FBF5-4374-8B19-3F59A57AA0EB}.Release|Any CPU.Deploy.0 = Release|Any CPU
		{E367E6FA-FBF5-4374-8B19-3F59A57AA0EB}.Release|iPhone.ActiveCfg = Release|Any CPU
		{E367E6FA-FBF5-4374-8B19-3F59A57AA0EB}.Release|iPhone.Build.0 = Release|Any CPU
		{E367E6FA-FBF5-4374-8B19-3F59A57AA0EB}.Release|iPhone.Deploy.0 = Release|Any CPU
		{E367E6FA-FBF5-4374-8B19-3F59A57AA0EB}.Release|iPhoneSimulator.ActiveCfg = Release|Any CPU
		{E367E6FA-FBF5-4374-8B19-3F59A57AA0EB}.Release|iPhoneSimulator.Build.0 = Release|Any CPU
		{E367E6FA-FBF5-4374-8B19-3F59A57AA0EB}.Release|iPhoneSimulator.Deploy.0 = Release|Any CPU
		{1414062E-D9AA-44DF-BC43-8D904BA1B49F}.Debug|Any CPU.ActiveCfg = Debug|iPhone
		{1414062E-D9AA-44DF-BC43-8D904BA1B49F}.Debug|Any CPU.Build.0 = Debug|iPhone
		{1414062E-D9AA-44DF-BC43-8D904BA1B49F}.Debug|Any CPU.Deploy.0 = Debug|iPhone
		{1414062E-D9AA-44DF-BC43-8D904BA1B49F}.Debug|iPhone.ActiveCfg = Debug|iPhone
		{1414062E-D9AA-44DF-BC43-8D904BA1B49F}.Debug|iPhone.Build.0 = Debug|iPhone
		{1414062E-D9AA-44DF-BC43-8D904BA1B49F}.Debug|iPhone.Deploy.0 = Debug|iPhone
		{1414062E-D9AA-44DF-BC43-8D904BA1B49F}.Debug|iPhoneSimulator.ActiveCfg = Debug|iPhoneSimulator
		{1414062E-D9AA-44DF-BC43-8D904BA1B49F}.Debug|iPhoneSimulator.Build.0 = Debug|iPhoneSimulator
		{1414062E-D9AA-44DF-BC43-8D904BA1B49F}.Debug|iPhoneSimulator.Deploy.0 = Debug|iPhoneSimulator
		{1414062E-D9AA-44DF-BC43-8D904BA1B49F}.Release|Any CPU.ActiveCfg = Release|iPhoneSimulator
		{1414062E-D9AA-44DF-BC43-8D904BA1B49F}.Release|Any CPU.Build.0 = Release|iPhoneSimulator
		{1414062E-D9AA-44DF-BC43-8D904BA1B49F}.Release|Any CPU.Deploy.0 = Release|iPhoneSimulator
		{1414062E-D9AA-44DF-BC43-8D904BA1B49F}.Release|iPhone.ActiveCfg = Release|iPhone
		{1414062E-D9AA-44DF-BC43-8D904BA1B49F}.Release|iPhone.Build.0 = Release|iPhone
		{1414062E-D9AA-44DF-BC43-8D904BA1B49F}.Release|iPhone.Deploy.0 = Release|iPhone
		{1414062E-D9AA-44DF-BC43-8D904BA1B49F}.Release|iPhoneSimulator.ActiveCfg = Release|iPhoneSimulator
		{1414062E-D9AA-44DF-BC43-8D904BA1B49F}.Release|iPhoneSimulator.Build.0 = Release|iPhoneSimulator
		{1414062E-D9AA-44DF-BC43-8D904BA1B49F}.Release|iPhoneSimulator.Deploy.0 = Release|iPhoneSimulator
		{9E5EF667-0757-48F6-9895-24D9DADCA1BB}.Debug|Any CPU.ActiveCfg = Debug|Any CPU
		{9E5EF667-0757-48F6-9895-24D9DADCA1BB}.Debug|Any CPU.Build.0 = Debug|Any CPU
		{9E5EF667-0757-48F6-9895-24D9DADCA1BB}.Debug|Any CPU.Deploy.0 = Debug|Any CPU
		{9E5EF667-0757-48F6-9895-24D9DADCA1BB}.Debug|iPhone.ActiveCfg = Debug|Any CPU
		{9E5EF667-0757-48F6-9895-24D9DADCA1BB}.Debug|iPhone.Build.0 = Debug|Any CPU
		{9E5EF667-0757-48F6-9895-24D9DADCA1BB}.Debug|iPhone.Deploy.0 = Debug|Any CPU
		{9E5EF667-0757-48F6-9895-24D9DADCA1BB}.Debug|iPhoneSimulator.ActiveCfg = Debug|Any CPU
		{9E5EF667-0757-48F6-9895-24D9DADCA1BB}.Debug|iPhoneSimulator.Build.0 = Debug|Any CPU
		{9E5EF667-0757-48F6-9895-24D9DADCA1BB}.Debug|iPhoneSimulator.Deploy.0 = Debug|Any CPU
		{9E5EF667-0757-48F6-9895-24D9DADCA1BB}.Release|Any CPU.ActiveCfg = Release|Any CPU
		{9E5EF667-0757-48F6-9895-24D9DADCA1BB}.Release|Any CPU.Build.0 = Release|Any CPU
		{9E5EF667-0757-48F6-9895-24D9DADCA1BB}.Release|Any CPU.Deploy.0 = Release|Any CPU
		{9E5EF667-0757-48F6-9895-24D9DADCA1BB}.Release|iPhone.ActiveCfg = Release|Any CPU
		{9E5EF667-0757-48F6-9895-24D9DADCA1BB}.Release|iPhone.Build.0 = Release|Any CPU
		{9E5EF667-0757-48F6-9895-24D9DADCA1BB}.Release|iPhone.Deploy.0 = Release|Any CPU
		{9E5EF667-0757-48F6-9895-24D9DADCA1BB}.Release|iPhoneSimulator.ActiveCfg = Release|Any CPU
		{9E5EF667-0757-48F6-9895-24D9DADCA1BB}.Release|iPhoneSimulator.Build.0 = Release|Any CPU
		{9E5EF667-0757-48F6-9895-24D9DADCA1BB}.Release|iPhoneSimulator.Deploy.0 = Release|Any CPU
	EndGlobalSection
	GlobalSection(SolutionProperties) = preSolution
		HideSolutionNode = FALSE
	EndGlobalSection
	GlobalSection(ExtensibilityGlobals) = postSolution
		SolutionGuid = {74EE0705-EC00-42B1-8761-E4A2EDDECEBE}
	EndGlobalSection
EndGlobal
